// !$*UTF8*$!
{
	archiveVersion = 1;
	classes = {
	};
	objectVersion = 50;
	objects = {

/* Begin PBXBuildFile section */
		351AD64F24E978FA005ED33F /* LineStatus+Sample.swift in Sources */ = {isa = PBXBuildFile; fileRef = 351AD64E24E978FA005ED33F /* LineStatus+Sample.swift */; };
		354C70B524E813AF00681798 /* StatusSeverityMapper.swift in Sources */ = {isa = PBXBuildFile; fileRef = 354C70B424E813AF00681798 /* StatusSeverityMapper.swift */; };
		354C70B724E824B800681798 /* LineData.swift in Sources */ = {isa = PBXBuildFile; fileRef = 354C70B624E824B800681798 /* LineData.swift */; };
		354C70B924E84FAC00681798 /* String+ComponentsOrEmpty.swift in Sources */ = {isa = PBXBuildFile; fileRef = 354C70B824E84FAC00681798 /* String+ComponentsOrEmpty.swift */; };
		356663EA24A7C9510007DA72 /* TubeStatusWatch WatchKit App.app in Embed Watch Content */ = {isa = PBXBuildFile; fileRef = 356663E924A7C9510007DA72 /* TubeStatusWatch WatchKit App.app */; settings = {ATTRIBUTES = (RemoveHeadersOnCopy, ); }; };
		356663EF24A7C9530007DA72 /* Assets.xcassets in Resources */ = {isa = PBXBuildFile; fileRef = 356663EE24A7C9530007DA72 /* Assets.xcassets */; };
		356663F624A7C9530007DA72 /* TubeStatusWatch WatchKit Extension.appex in Embed App Extensions */ = {isa = PBXBuildFile; fileRef = 356663F524A7C9530007DA72 /* TubeStatusWatch WatchKit Extension.appex */; settings = {ATTRIBUTES = (RemoveHeadersOnCopy, ); }; };
		356663FB24A7C9530007DA72 /* ContentView.swift in Sources */ = {isa = PBXBuildFile; fileRef = 356663FA24A7C9530007DA72 /* ContentView.swift */; };
		356663FD24A7C9530007DA72 /* TubeStatusWatchApp.swift in Sources */ = {isa = PBXBuildFile; fileRef = 356663FC24A7C9530007DA72 /* TubeStatusWatchApp.swift */; };
		356663FF24A7C9530007DA72 /* ComplicationController.swift in Sources */ = {isa = PBXBuildFile; fileRef = 356663FE24A7C9530007DA72 /* ComplicationController.swift */; };
		3566640124A7C9540007DA72 /* Assets.xcassets in Resources */ = {isa = PBXBuildFile; fileRef = 3566640024A7C9540007DA72 /* Assets.xcassets */; };
		3566640424A7C9540007DA72 /* Preview Assets.xcassets in Resources */ = {isa = PBXBuildFile; fileRef = 3566640324A7C9540007DA72 /* Preview Assets.xcassets */; };
		35C0D04724E969F100A7539A /* Lines+Samples.swift in Sources */ = {isa = PBXBuildFile; fileRef = 35C0D04624E969F100A7539A /* Lines+Samples.swift */; };
		35C0D04A24E9769C00A7539A /* Complication+IdentifierPrefix.swift in Sources */ = {isa = PBXBuildFile; fileRef = 35C0D04924E9769C00A7539A /* Complication+IdentifierPrefix.swift */; };
		35C86F3B24ED959500EF4EF1 /* Data+Decoded.swift in Sources */ = {isa = PBXBuildFile; fileRef = 35C86F3A24ED959500EF4EF1 /* Data+Decoded.swift */; };
/* End PBXBuildFile section */

/* Begin PBXContainerItemProxy section */
		356663EB24A7C9510007DA72 /* PBXContainerItemProxy */ = {
			isa = PBXContainerItemProxy;
			containerPortal = 356663DF24A7C9510007DA72 /* Project object */;
			proxyType = 1;
			remoteGlobalIDString = 356663E824A7C9510007DA72;
			remoteInfo = "TubeStatusWatch WatchKit App";
		};
		356663F724A7C9530007DA72 /* PBXContainerItemProxy */ = {
			isa = PBXContainerItemProxy;
			containerPortal = 356663DF24A7C9510007DA72 /* Project object */;
			proxyType = 1;
			remoteGlobalIDString = 356663F424A7C9530007DA72;
			remoteInfo = "TubeStatusWatch WatchKit Extension";
		};
/* End PBXContainerItemProxy section */

/* Begin PBXCopyFilesBuildPhase section */
		3566640B24A7C9540007DA72 /* Embed App Extensions */ = {
			isa = PBXCopyFilesBuildPhase;
			buildActionMask = 2147483647;
			dstPath = "";
			dstSubfolderSpec = 13;
			files = (
				356663F624A7C9530007DA72 /* TubeStatusWatch WatchKit Extension.appex in Embed App Extensions */,
			);
			name = "Embed App Extensions";
			runOnlyForDeploymentPostprocessing = 0;
		};
		3566640F24A7C9540007DA72 /* Embed Watch Content */ = {
			isa = PBXCopyFilesBuildPhase;
			buildActionMask = 2147483647;
			dstPath = "$(CONTENTS_FOLDER_PATH)/Watch";
			dstSubfolderSpec = 16;
			files = (
				356663EA24A7C9510007DA72 /* TubeStatusWatch WatchKit App.app in Embed Watch Content */,
			);
			name = "Embed Watch Content";
			runOnlyForDeploymentPostprocessing = 0;
		};
/* End PBXCopyFilesBuildPhase section */

/* Begin PBXFileReference section */
		351AD64E24E978FA005ED33F /* LineStatus+Sample.swift */ = {isa = PBXFileReference; lastKnownFileType = sourcecode.swift; path = "LineStatus+Sample.swift"; sourceTree = "<group>"; };
		354C70B424E813AF00681798 /* StatusSeverityMapper.swift */ = {isa = PBXFileReference; lastKnownFileType = sourcecode.swift; path = StatusSeverityMapper.swift; sourceTree = "<group>"; };
		354C70B624E824B800681798 /* LineData.swift */ = {isa = PBXFileReference; lastKnownFileType = sourcecode.swift; path = LineData.swift; sourceTree = "<group>"; };
		354C70B824E84FAC00681798 /* String+ComponentsOrEmpty.swift */ = {isa = PBXFileReference; lastKnownFileType = sourcecode.swift; path = "String+ComponentsOrEmpty.swift"; sourceTree = "<group>"; };
		356663E524A7C9510007DA72 /* TubeStatusWatch.app */ = {isa = PBXFileReference; explicitFileType = wrapper.application; includeInIndex = 0; path = TubeStatusWatch.app; sourceTree = BUILT_PRODUCTS_DIR; };
		356663E924A7C9510007DA72 /* TubeStatusWatch WatchKit App.app */ = {isa = PBXFileReference; explicitFileType = wrapper.application; includeInIndex = 0; path = "TubeStatusWatch WatchKit App.app"; sourceTree = BUILT_PRODUCTS_DIR; };
		356663EE24A7C9530007DA72 /* Assets.xcassets */ = {isa = PBXFileReference; lastKnownFileType = folder.assetcatalog; path = Assets.xcassets; sourceTree = "<group>"; };
		356663F024A7C9530007DA72 /* Info.plist */ = {isa = PBXFileReference; lastKnownFileType = text.plist.xml; path = Info.plist; sourceTree = "<group>"; };
		356663F524A7C9530007DA72 /* TubeStatusWatch WatchKit Extension.appex */ = {isa = PBXFileReference; explicitFileType = "wrapper.app-extension"; includeInIndex = 0; path = "TubeStatusWatch WatchKit Extension.appex"; sourceTree = BUILT_PRODUCTS_DIR; };
		356663FA24A7C9530007DA72 /* ContentView.swift */ = {isa = PBXFileReference; lastKnownFileType = sourcecode.swift; path = ContentView.swift; sourceTree = "<group>"; };
		356663FC24A7C9530007DA72 /* TubeStatusWatchApp.swift */ = {isa = PBXFileReference; lastKnownFileType = sourcecode.swift; path = TubeStatusWatchApp.swift; sourceTree = "<group>"; };
		356663FE24A7C9530007DA72 /* ComplicationController.swift */ = {isa = PBXFileReference; lastKnownFileType = sourcecode.swift; path = ComplicationController.swift; sourceTree = "<group>"; };
		3566640024A7C9540007DA72 /* Assets.xcassets */ = {isa = PBXFileReference; lastKnownFileType = folder.assetcatalog; path = Assets.xcassets; sourceTree = "<group>"; };
		3566640324A7C9540007DA72 /* Preview Assets.xcassets */ = {isa = PBXFileReference; lastKnownFileType = folder.assetcatalog; path = "Preview Assets.xcassets"; sourceTree = "<group>"; };
		3566640524A7C9540007DA72 /* Info.plist */ = {isa = PBXFileReference; lastKnownFileType = text.plist.xml; path = Info.plist; sourceTree = "<group>"; };
		35C0D04624E969F100A7539A /* Lines+Samples.swift */ = {isa = PBXFileReference; lastKnownFileType = sourcecode.swift; path = "Lines+Samples.swift"; sourceTree = "<group>"; };
		35C0D04924E9769C00A7539A /* Complication+IdentifierPrefix.swift */ = {isa = PBXFileReference; lastKnownFileType = sourcecode.swift; path = "Complication+IdentifierPrefix.swift"; sourceTree = "<group>"; };
		35C86F3A24ED959500EF4EF1 /* Data+Decoded.swift */ = {isa = PBXFileReference; lastKnownFileType = sourcecode.swift; path = "Data+Decoded.swift"; sourceTree = "<group>"; };
/* End PBXFileReference section */

/* Begin PBXFrameworksBuildPhase section */
		356663F224A7C9530007DA72 /* Frameworks */ = {
			isa = PBXFrameworksBuildPhase;
			buildActionMask = 2147483647;
			files = (
			);
			runOnlyForDeploymentPostprocessing = 0;
		};
/* End PBXFrameworksBuildPhase section */

/* Begin PBXGroup section */
		356663DE24A7C9510007DA72 = {
			isa = PBXGroup;
			children = (
				356663ED24A7C9510007DA72 /* TubeStatusWatch WatchKit App */,
				356663F924A7C9530007DA72 /* TubeStatusWatch WatchKit Extension */,
				356663E624A7C9510007DA72 /* Products */,
			);
			sourceTree = "<group>";
		};
		356663E624A7C9510007DA72 /* Products */ = {
			isa = PBXGroup;
			children = (
				356663E524A7C9510007DA72 /* TubeStatusWatch.app */,
				356663E924A7C9510007DA72 /* TubeStatusWatch WatchKit App.app */,
				356663F524A7C9530007DA72 /* TubeStatusWatch WatchKit Extension.appex */,
			);
			name = Products;
			sourceTree = "<group>";
		};
		356663ED24A7C9510007DA72 /* TubeStatusWatch WatchKit App */ = {
			isa = PBXGroup;
			children = (
				356663EE24A7C9530007DA72 /* Assets.xcassets */,
				356663F024A7C9530007DA72 /* Info.plist */,
			);
			path = "TubeStatusWatch WatchKit App";
			sourceTree = "<group>";
		};
		356663F924A7C9530007DA72 /* TubeStatusWatch WatchKit Extension */ = {
			isa = PBXGroup;
			children = (
				356663FC24A7C9530007DA72 /* TubeStatusWatchApp.swift */,
				356663FA24A7C9530007DA72 /* ContentView.swift */,
				356663FE24A7C9530007DA72 /* ComplicationController.swift */,
				354C70B624E824B800681798 /* LineData.swift */,
				354C70B424E813AF00681798 /* StatusSeverityMapper.swift */,
				3566640024A7C9540007DA72 /* Assets.xcassets */,
				3566640524A7C9540007DA72 /* Info.plist */,
				35C0D04824E96A0B00A7539A /* Extensions */,
				3566640224A7C9540007DA72 /* Preview Content */,
			);
			path = "TubeStatusWatch WatchKit Extension";
			sourceTree = "<group>";
		};
		3566640224A7C9540007DA72 /* Preview Content */ = {
			isa = PBXGroup;
			children = (
				3566640324A7C9540007DA72 /* Preview Assets.xcassets */,
			);
			path = "Preview Content";
			sourceTree = "<group>";
		};
		35C0D04824E96A0B00A7539A /* Extensions */ = {
			isa = PBXGroup;
			children = (
				35C0D04924E9769C00A7539A /* Complication+IdentifierPrefix.swift */,
				35C86F3A24ED959500EF4EF1 /* Data+Decoded.swift */,
				35C0D04624E969F100A7539A /* Lines+Samples.swift */,
				351AD64E24E978FA005ED33F /* LineStatus+Sample.swift */,
				354C70B824E84FAC00681798 /* String+ComponentsOrEmpty.swift */,
			);
			path = Extensions;
			sourceTree = "<group>";
		};
/* End PBXGroup section */

/* Begin PBXNativeTarget section */
		356663E424A7C9510007DA72 /* TubeStatusWatch */ = {
			isa = PBXNativeTarget;
			buildConfigurationList = 3566641024A7C9540007DA72 /* Build configuration list for PBXNativeTarget "TubeStatusWatch" */;
			buildPhases = (
				356663E324A7C9510007DA72 /* Resources */,
				3566640F24A7C9540007DA72 /* Embed Watch Content */,
			);
			buildRules = (
			);
			dependencies = (
				356663EC24A7C9510007DA72 /* PBXTargetDependency */,
			);
			name = TubeStatusWatch;
			productName = TubeStatusWatch;
			productReference = 356663E524A7C9510007DA72 /* TubeStatusWatch.app */;
			productType = "com.apple.product-type.application.watchapp2-container";
		};
		356663E824A7C9510007DA72 /* TubeStatusWatch WatchKit App */ = {
			isa = PBXNativeTarget;
			buildConfigurationList = 3566640C24A7C9540007DA72 /* Build configuration list for PBXNativeTarget "TubeStatusWatch WatchKit App" */;
			buildPhases = (
				356663E724A7C9510007DA72 /* Resources */,
				3566640B24A7C9540007DA72 /* Embed App Extensions */,
			);
			buildRules = (
			);
			dependencies = (
				356663F824A7C9530007DA72 /* PBXTargetDependency */,
			);
			name = "TubeStatusWatch WatchKit App";
			productName = "TubeStatusWatch WatchKit App";
			productReference = 356663E924A7C9510007DA72 /* TubeStatusWatch WatchKit App.app */;
			productType = "com.apple.product-type.application.watchapp2";
		};
		356663F424A7C9530007DA72 /* TubeStatusWatch WatchKit Extension */ = {
			isa = PBXNativeTarget;
			buildConfigurationList = 3566640824A7C9540007DA72 /* Build configuration list for PBXNativeTarget "TubeStatusWatch WatchKit Extension" */;
			buildPhases = (
				356663F124A7C9530007DA72 /* Sources */,
				356663F224A7C9530007DA72 /* Frameworks */,
				356663F324A7C9530007DA72 /* Resources */,
			);
			buildRules = (
			);
			dependencies = (
			);
			name = "TubeStatusWatch WatchKit Extension";
			productName = "TubeStatusWatch WatchKit Extension";
			productReference = 356663F524A7C9530007DA72 /* TubeStatusWatch WatchKit Extension.appex */;
			productType = "com.apple.product-type.watchkit2-extension";
		};
/* End PBXNativeTarget section */

/* Begin PBXProject section */
		356663DF24A7C9510007DA72 /* Project object */ = {
			isa = PBXProject;
			attributes = {
				LastSwiftUpdateCheck = 1200;
				LastUpgradeCheck = 1200;
				TargetAttributes = {
					356663E424A7C9510007DA72 = {
						CreatedOnToolsVersion = 12.0;
					};
					356663E824A7C9510007DA72 = {
						CreatedOnToolsVersion = 12.0;
					};
					356663F424A7C9530007DA72 = {
						CreatedOnToolsVersion = 12.0;
					};
				};
			};
			buildConfigurationList = 356663E224A7C9510007DA72 /* Build configuration list for PBXProject "TubeStatusWatch" */;
			compatibilityVersion = "Xcode 9.3";
			developmentRegion = en;
			hasScannedForEncodings = 0;
			knownRegions = (
				en,
				Base,
			);
			mainGroup = 356663DE24A7C9510007DA72;
			productRefGroup = 356663E624A7C9510007DA72 /* Products */;
			projectDirPath = "";
			projectRoot = "";
			targets = (
				356663E424A7C9510007DA72 /* TubeStatusWatch */,
				356663E824A7C9510007DA72 /* TubeStatusWatch WatchKit App */,
				356663F424A7C9530007DA72 /* TubeStatusWatch WatchKit Extension */,
			);
		};
/* End PBXProject section */

/* Begin PBXResourcesBuildPhase section */
		356663E324A7C9510007DA72 /* Resources */ = {
			isa = PBXResourcesBuildPhase;
			buildActionMask = 2147483647;
			files = (
			);
			runOnlyForDeploymentPostprocessing = 0;
		};
		356663E724A7C9510007DA72 /* Resources */ = {
			isa = PBXResourcesBuildPhase;
			buildActionMask = 2147483647;
			files = (
				356663EF24A7C9530007DA72 /* Assets.xcassets in Resources */,
			);
			runOnlyForDeploymentPostprocessing = 0;
		};
		356663F324A7C9530007DA72 /* Resources */ = {
			isa = PBXResourcesBuildPhase;
			buildActionMask = 2147483647;
			files = (
				3566640424A7C9540007DA72 /* Preview Assets.xcassets in Resources */,
				3566640124A7C9540007DA72 /* Assets.xcassets in Resources */,
			);
			runOnlyForDeploymentPostprocessing = 0;
		};
/* End PBXResourcesBuildPhase section */

/* Begin PBXSourcesBuildPhase section */
		356663F124A7C9530007DA72 /* Sources */ = {
			isa = PBXSourcesBuildPhase;
			buildActionMask = 2147483647;
			files = (
				356663FB24A7C9530007DA72 /* ContentView.swift in Sources */,
				354C70B524E813AF00681798 /* StatusSeverityMapper.swift in Sources */,
				356663FD24A7C9530007DA72 /* TubeStatusWatchApp.swift in Sources */,
				356663FF24A7C9530007DA72 /* ComplicationController.swift in Sources */,
				35C86F3B24ED959500EF4EF1 /* Data+Decoded.swift in Sources */,
				351AD64F24E978FA005ED33F /* LineStatus+Sample.swift in Sources */,
				35C0D04A24E9769C00A7539A /* Complication+IdentifierPrefix.swift in Sources */,
				354C70B724E824B800681798 /* LineData.swift in Sources */,
				354C70B924E84FAC00681798 /* String+ComponentsOrEmpty.swift in Sources */,
				35C0D04724E969F100A7539A /* Lines+Samples.swift in Sources */,
			);
			runOnlyForDeploymentPostprocessing = 0;
		};
/* End PBXSourcesBuildPhase section */

/* Begin PBXTargetDependency section */
		356663EC24A7C9510007DA72 /* PBXTargetDependency */ = {
			isa = PBXTargetDependency;
			target = 356663E824A7C9510007DA72 /* TubeStatusWatch WatchKit App */;
			targetProxy = 356663EB24A7C9510007DA72 /* PBXContainerItemProxy */;
		};
		356663F824A7C9530007DA72 /* PBXTargetDependency */ = {
			isa = PBXTargetDependency;
			target = 356663F424A7C9530007DA72 /* TubeStatusWatch WatchKit Extension */;
			targetProxy = 356663F724A7C9530007DA72 /* PBXContainerItemProxy */;
		};
/* End PBXTargetDependency section */

/* Begin XCBuildConfiguration section */
		3566640624A7C9540007DA72 /* Debug */ = {
			isa = XCBuildConfiguration;
			buildSettings = {
				ALWAYS_SEARCH_USER_PATHS = NO;
				CLANG_ANALYZER_NONNULL = YES;
				CLANG_ANALYZER_NUMBER_OBJECT_CONVERSION = YES_AGGRESSIVE;
				CLANG_CXX_LANGUAGE_STANDARD = "gnu++14";
				CLANG_CXX_LIBRARY = "libc++";
				CLANG_ENABLE_MODULES = YES;
				CLANG_ENABLE_OBJC_ARC = YES;
				CLANG_ENABLE_OBJC_WEAK = YES;
				CLANG_WARN_BLOCK_CAPTURE_AUTORELEASING = YES;
				CLANG_WARN_BOOL_CONVERSION = YES;
				CLANG_WARN_COMMA = YES;
				CLANG_WARN_CONSTANT_CONVERSION = YES;
				CLANG_WARN_DEPRECATED_OBJC_IMPLEMENTATIONS = YES;
				CLANG_WARN_DIRECT_OBJC_ISA_USAGE = YES_ERROR;
				CLANG_WARN_DOCUMENTATION_COMMENTS = YES;
				CLANG_WARN_EMPTY_BODY = YES;
				CLANG_WARN_ENUM_CONVERSION = YES;
				CLANG_WARN_INFINITE_RECURSION = YES;
				CLANG_WARN_INT_CONVERSION = YES;
				CLANG_WARN_NON_LITERAL_NULL_CONVERSION = YES;
				CLANG_WARN_OBJC_IMPLICIT_RETAIN_SELF = YES;
				CLANG_WARN_OBJC_LITERAL_CONVERSION = YES;
				CLANG_WARN_OBJC_ROOT_CLASS = YES_ERROR;
				CLANG_WARN_QUOTED_INCLUDE_IN_FRAMEWORK_HEADER = YES;
				CLANG_WARN_RANGE_LOOP_ANALYSIS = YES;
				CLANG_WARN_STRICT_PROTOTYPES = YES;
				CLANG_WARN_SUSPICIOUS_MOVE = YES;
				CLANG_WARN_UNGUARDED_AVAILABILITY = YES_AGGRESSIVE;
				CLANG_WARN_UNREACHABLE_CODE = YES;
				CLANG_WARN__DUPLICATE_METHOD_MATCH = YES;
				COPY_PHASE_STRIP = NO;
				DEBUG_INFORMATION_FORMAT = dwarf;
				ENABLE_STRICT_OBJC_MSGSEND = YES;
				ENABLE_TESTABILITY = YES;
				GCC_C_LANGUAGE_STANDARD = gnu11;
				GCC_DYNAMIC_NO_PIC = NO;
				GCC_NO_COMMON_BLOCKS = YES;
				GCC_OPTIMIZATION_LEVEL = 0;
				GCC_PREPROCESSOR_DEFINITIONS = (
					"DEBUG=1",
					"$(inherited)",
				);
				GCC_WARN_64_TO_32_BIT_CONVERSION = YES;
				GCC_WARN_ABOUT_RETURN_TYPE = YES_ERROR;
				GCC_WARN_UNDECLARED_SELECTOR = YES;
				GCC_WARN_UNINITIALIZED_AUTOS = YES_AGGRESSIVE;
				GCC_WARN_UNUSED_FUNCTION = YES;
				GCC_WARN_UNUSED_VARIABLE = YES;
				MTL_ENABLE_DEBUG_INFO = INCLUDE_SOURCE;
				MTL_FAST_MATH = YES;
				ONLY_ACTIVE_ARCH = YES;
				SDKROOT = iphoneos;
				SWIFT_ACTIVE_COMPILATION_CONDITIONS = DEBUG;
				SWIFT_OPTIMIZATION_LEVEL = "-Onone";
			};
			name = Debug;
		};
		3566640724A7C9540007DA72 /* Release */ = {
			isa = XCBuildConfiguration;
			buildSettings = {
				ALWAYS_SEARCH_USER_PATHS = NO;
				CLANG_ANALYZER_NONNULL = YES;
				CLANG_ANALYZER_NUMBER_OBJECT_CONVERSION = YES_AGGRESSIVE;
				CLANG_CXX_LANGUAGE_STANDARD = "gnu++14";
				CLANG_CXX_LIBRARY = "libc++";
				CLANG_ENABLE_MODULES = YES;
				CLANG_ENABLE_OBJC_ARC = YES;
				CLANG_ENABLE_OBJC_WEAK = YES;
				CLANG_WARN_BLOCK_CAPTURE_AUTORELEASING = YES;
				CLANG_WARN_BOOL_CONVERSION = YES;
				CLANG_WARN_COMMA = YES;
				CLANG_WARN_CONSTANT_CONVERSION = YES;
				CLANG_WARN_DEPRECATED_OBJC_IMPLEMENTATIONS = YES;
				CLANG_WARN_DIRECT_OBJC_ISA_USAGE = YES_ERROR;
				CLANG_WARN_DOCUMENTATION_COMMENTS = YES;
				CLANG_WARN_EMPTY_BODY = YES;
				CLANG_WARN_ENUM_CONVERSION = YES;
				CLANG_WARN_INFINITE_RECURSION = YES;
				CLANG_WARN_INT_CONVERSION = YES;
				CLANG_WARN_NON_LITERAL_NULL_CONVERSION = YES;
				CLANG_WARN_OBJC_IMPLICIT_RETAIN_SELF = YES;
				CLANG_WARN_OBJC_LITERAL_CONVERSION = YES;
				CLANG_WARN_OBJC_ROOT_CLASS = YES_ERROR;
				CLANG_WARN_QUOTED_INCLUDE_IN_FRAMEWORK_HEADER = YES;
				CLANG_WARN_RANGE_LOOP_ANALYSIS = YES;
				CLANG_WARN_STRICT_PROTOTYPES = YES;
				CLANG_WARN_SUSPICIOUS_MOVE = YES;
				CLANG_WARN_UNGUARDED_AVAILABILITY = YES_AGGRESSIVE;
				CLANG_WARN_UNREACHABLE_CODE = YES;
				CLANG_WARN__DUPLICATE_METHOD_MATCH = YES;
				COPY_PHASE_STRIP = NO;
				DEBUG_INFORMATION_FORMAT = "dwarf-with-dsym";
				ENABLE_NS_ASSERTIONS = NO;
				ENABLE_STRICT_OBJC_MSGSEND = YES;
				GCC_C_LANGUAGE_STANDARD = gnu11;
				GCC_NO_COMMON_BLOCKS = YES;
				GCC_WARN_64_TO_32_BIT_CONVERSION = YES;
				GCC_WARN_ABOUT_RETURN_TYPE = YES_ERROR;
				GCC_WARN_UNDECLARED_SELECTOR = YES;
				GCC_WARN_UNINITIALIZED_AUTOS = YES_AGGRESSIVE;
				GCC_WARN_UNUSED_FUNCTION = YES;
				GCC_WARN_UNUSED_VARIABLE = YES;
				MTL_ENABLE_DEBUG_INFO = NO;
				MTL_FAST_MATH = YES;
				SDKROOT = iphoneos;
				SWIFT_COMPILATION_MODE = wholemodule;
				SWIFT_OPTIMIZATION_LEVEL = "-O";
				VALIDATE_PRODUCT = YES;
			};
			name = Release;
		};
		3566640924A7C9540007DA72 /* Debug */ = {
			isa = XCBuildConfiguration;
			buildSettings = {
				ASSETCATALOG_COMPILER_COMPLICATION_NAME = Complication;
				CODE_SIGN_STYLE = Automatic;
				DEVELOPMENT_ASSET_PATHS = "\"TubeStatusWatch WatchKit Extension/Preview Content\"";
				DEVELOPMENT_TEAM = 5DQD7ZRCTK;
				ENABLE_PREVIEWS = YES;
				INFOPLIST_FILE = "TubeStatusWatch WatchKit Extension/Info.plist";
				LD_RUNPATH_SEARCH_PATHS = (
					"$(inherited)",
					"@executable_path/Frameworks",
					"@executable_path/../../Frameworks",
				);
				PRODUCT_BUNDLE_IDENTIFIER = io.dylanmaryk.TubeStatusWatch.watchkitapp.watchkitextension;
				PRODUCT_NAME = "${TARGET_NAME}";
				SDKROOT = watchos;
				SKIP_INSTALL = YES;
				SWIFT_VERSION = 5.0;
				TARGETED_DEVICE_FAMILY = 4;
				WATCHOS_DEPLOYMENT_TARGET = 7.0;
			};
			name = Debug;
		};
		3566640A24A7C9540007DA72 /* Release */ = {
			isa = XCBuildConfiguration;
			buildSettings = {
				ASSETCATALOG_COMPILER_COMPLICATION_NAME = Complication;
				CODE_SIGN_STYLE = Automatic;
				DEVELOPMENT_ASSET_PATHS = "\"TubeStatusWatch WatchKit Extension/Preview Content\"";
				DEVELOPMENT_TEAM = 5DQD7ZRCTK;
				ENABLE_PREVIEWS = YES;
				INFOPLIST_FILE = "TubeStatusWatch WatchKit Extension/Info.plist";
				LD_RUNPATH_SEARCH_PATHS = (
					"$(inherited)",
					"@executable_path/Frameworks",
					"@executable_path/../../Frameworks",
				);
				PRODUCT_BUNDLE_IDENTIFIER = io.dylanmaryk.TubeStatusWatch.watchkitapp.watchkitextension;
				PRODUCT_NAME = "${TARGET_NAME}";
				SDKROOT = watchos;
				SKIP_INSTALL = YES;
				SWIFT_VERSION = 5.0;
				TARGETED_DEVICE_FAMILY = 4;
				WATCHOS_DEPLOYMENT_TARGET = 7.0;
			};
			name = Release;
		};
		3566640D24A7C9540007DA72 /* Debug */ = {
			isa = XCBuildConfiguration;
			buildSettings = {
				ALWAYS_EMBED_SWIFT_STANDARD_LIBRARIES = YES;
				ASSETCATALOG_COMPILER_APPICON_NAME = AppIcon;
				ASSETCATALOG_COMPILER_GLOBAL_ACCENT_COLOR_NAME = AccentColor;
				CODE_SIGN_STYLE = Automatic;
				DEVELOPMENT_TEAM = 5DQD7ZRCTK;
				IBSC_MODULE = TubeStatusWatch_WatchKit_Extension;
				INFOPLIST_FILE = "TubeStatusWatch WatchKit App/Info.plist";
				PRODUCT_BUNDLE_IDENTIFIER = io.dylanmaryk.TubeStatusWatch.watchkitapp;
				PRODUCT_NAME = "$(TARGET_NAME)";
				SDKROOT = watchos;
				SKIP_INSTALL = YES;
				SWIFT_VERSION = 5.0;
				TARGETED_DEVICE_FAMILY = 4;
				WATCHOS_DEPLOYMENT_TARGET = 7.0;
			};
			name = Debug;
		};
		3566640E24A7C9540007DA72 /* Release */ = {
			isa = XCBuildConfiguration;
			buildSettings = {
				ALWAYS_EMBED_SWIFT_STANDARD_LIBRARIES = YES;
				ASSETCATALOG_COMPILER_APPICON_NAME = AppIcon;
				ASSETCATALOG_COMPILER_GLOBAL_ACCENT_COLOR_NAME = AccentColor;
				CODE_SIGN_STYLE = Automatic;
				DEVELOPMENT_TEAM = 5DQD7ZRCTK;
				IBSC_MODULE = TubeStatusWatch_WatchKit_Extension;
				INFOPLIST_FILE = "TubeStatusWatch WatchKit App/Info.plist";
				PRODUCT_BUNDLE_IDENTIFIER = io.dylanmaryk.TubeStatusWatch.watchkitapp;
				PRODUCT_NAME = "$(TARGET_NAME)";
				SDKROOT = watchos;
				SKIP_INSTALL = YES;
				SWIFT_VERSION = 5.0;
				TARGETED_DEVICE_FAMILY = 4;
				WATCHOS_DEPLOYMENT_TARGET = 7.0;
			};
			name = Release;
		};
		3566641124A7C9540007DA72 /* Debug */ = {
			isa = XCBuildConfiguration;
			buildSettings = {
				ASSETCATALOG_COMPILER_GLOBAL_ACCENT_COLOR_NAME = AccentColor;
				CODE_SIGN_STYLE = Automatic;
				CURRENT_PROJECT_VERSION = 1;
				DEVELOPMENT_TEAM = 5DQD7ZRCTK;
				MARKETING_VERSION = 1.0;
				PRODUCT_BUNDLE_IDENTIFIER = io.dylanmaryk.TubeStatusWatch;
				PRODUCT_NAME = "$(TARGET_NAME)";
				SWIFT_VERSION = 5.0;
			};
			name = Debug;
		};
		3566641224A7C9540007DA72 /* Release */ = {
			isa = XCBuildConfiguration;
			buildSettings = {
				ASSETCATALOG_COMPILER_GLOBAL_ACCENT_COLOR_NAME = AccentColor;
				CODE_SIGN_STYLE = Automatic;
				CURRENT_PROJECT_VERSION = 1;
				DEVELOPMENT_TEAM = 5DQD7ZRCTK;
				MARKETING_VERSION = 1.0;
				PRODUCT_BUNDLE_IDENTIFIER = io.dylanmaryk.TubeStatusWatch;
				PRODUCT_NAME = "$(TARGET_NAME)";
				SWIFT_VERSION = 5.0;
			};
			name = Release;
		};
/* End XCBuildConfiguration section */

/* Begin XCConfigurationList section */
		356663E224A7C9510007DA72 /* Build configuration list for PBXProject "TubeStatusWatch" */ = {
			isa = XCConfigurationList;
			buildConfigurations = (
				3566640624A7C9540007DA72 /* Debug */,
				3566640724A7C9540007DA72 /* Release */,
			);
			defaultConfigurationIsVisible = 0;
			defaultConfigurationName = Release;
		};
		3566640824A7C9540007DA72 /* Build configuration list for PBXNativeTarget "TubeStatusWatch WatchKit Extension" */ = {
			isa = XCConfigurationList;
			buildConfigurations = (
				3566640924A7C9540007DA72 /* Debug */,
				3566640A24A7C9540007DA72 /* Release */,
			);
			defaultConfigurationIsVisible = 0;
			defaultConfigurationName = Release;
		};
		3566640C24A7C9540007DA72 /* Build configuration list for PBXNativeTarget "TubeStatusWatch WatchKit App" */ = {
			isa = XCConfigurationList;
			buildConfigurations = (
				3566640D24A7C9540007DA72 /* Debug */,
				3566640E24A7C9540007DA72 /* Release */,
			);
			defaultConfigurationIsVisible = 0;
			defaultConfigurationName = Release;
		};
		3566641024A7C9540007DA72 /* Build configuration list for PBXNativeTarget "TubeStatusWatch" */ = {
			isa = XCConfigurationList;
			buildConfigurations = (
				3566641124A7C9540007DA72 /* Debug */,
				3566641224A7C9540007DA72 /* Release */,
			);
			defaultConfigurationIsVisible = 0;
			defaultConfigurationName = Release;
		};
/* End XCConfigurationList section */
	};
	rootObject = 356663DF24A7C9510007DA72 /* Project object */;
}
