{
  "object": {
    "pins": [
      {
        "package": "Purchases",
        "repositoryURL": "https://github.com/RevenueCat/purchases-ios.git",
        "state": {
          "branch": null,
          "revision": "b2328d2ad1ddd8ea4d569df35666d164a101705d",
          "version": "3.7.1"
        }
      }
    ]
  },
  "version": 1
}
